
Microsoft Visual Studio Solution File, Format Version 12.00
# Visual Studio Version 16
VisualStudioVersion = 16.0.36128.20
MinimumVisualStudioVersion = 10.0.40219.1
Project("{FAE04EC0-301F-11D3-BF4B-00C04F79EFBC}") = "WinForm_02", "WinForm_02\WinForm_02.csproj", "{BD300BEB-8138-417F-93EB-EEA610515CEA}"
EndProject
Global
	GlobalSection(SolutionConfigurationPlatforms) = preSolution
		Debug|Any CPU = Debug|Any CPU
		Release|Any CPU = Release|Any CPU
	EndGlobalSection
	GlobalSection(ProjectConfigurationPlatforms) = postSolution
		{BD300BEB-8138-417F-93EB-EEA610515CEA}.Debug|Any CPU.ActiveCfg = Debug|Any CPU
		{BD300BEB-8138-417F-93EB-EEA610515CEA}.Debug|Any CPU.Build.0 = Debug|Any CPU
		{BD300BEB-8138-417F-93EB-EEA610515CEA}.Release|Any CPU.ActiveCfg = Release|Any CPU
		{BD300BEB-8138-417F-93EB-EEA610515CEA}.Release|Any CPU.Build.0 = Release|Any CPU
	EndGlobalSection
	GlobalSection(SolutionProperties) = preSolution
		HideSolutionNode = FALSE
	EndGlobalSection
	GlobalSection(ExtensibilityGlobals) = postSolution
		SolutionGuid = {5E17E2A0-9578-448B-943A-A2DB1923A8E2}
	EndGlobalSection
EndGlobal
