
Microsoft Visual Studio Solution File, Format Version 12.00
# Visual Studio Version 16
VisualStudioVersion = 16.0.36128.20
MinimumVisualStudioVersion = 10.0.40219.1
Project("{FAE04EC0-301F-11D3-BF4B-00C04F79EFBC}") = "Day15", "Day15\Day15.csproj", "{895D24D0-415E-45BC-9EA4-0333C42DE783}"
EndProject
Global
	GlobalSection(SolutionConfigurationPlatforms) = preSolution
		Debug|Any CPU = Debug|Any CPU
		Release|Any CPU = Release|Any CPU
	EndGlobalSection
	GlobalSection(ProjectConfigurationPlatforms) = postSolution
		{895D24D0-415E-45BC-9EA4-0333C42DE783}.Debug|Any CPU.ActiveCfg = Debug|Any CPU
		{895D24D0-415E-45BC-9EA4-0333C42DE783}.Debug|Any CPU.Build.0 = Debug|Any CPU
		{895D24D0-415E-45BC-9EA4-0333C42DE783}.Release|Any CPU.ActiveCfg = Release|Any CPU
		{895D24D0-415E-45BC-9EA4-0333C42DE783}.Release|Any CPU.Build.0 = Release|Any CPU
	EndGlobalSection
	GlobalSection(SolutionProperties) = preSolution
		HideSolutionNode = FALSE
	EndGlobalSection
	GlobalSection(ExtensibilityGlobals) = postSolution
		SolutionGuid = {47D32E56-C6C4-4A3B-9FF5-3DDE19AA1FC3}
	EndGlobalSection
EndGlobal
